// !$*UTF8*$!
{
	archiveVersion = 1;
	classes = {
	};
	objectVersion = 46;
	objects = {

/* Begin PBXBuildFile section */
		31D41566C543FDE2CACFBFC5 /* Pods_Accounts.framework in Frameworks */ = {isa = PBXBuildFile; fileRef = 229CCD75CA20DE50201D6067 /* Pods_Accounts.framework */; settings = {ATTRIBUTES = (Weak, ); }; };
		E46CCFA51B284F53000ACFE2 /* Formatter.swift in Sources */ = {isa = PBXBuildFile; fileRef = E46CCFA41B284F53000ACFE2 /* Formatter.swift */; };
		E46CCFA71B285A61000ACFE2 /* ACFormViewController.swift in Sources */ = {isa = PBXBuildFile; fileRef = E46CCFA61B285A61000ACFE2 /* ACFormViewController.swift */; };
		E46CCFA91B285A7C000ACFE2 /* ACBaseViewController.swift in Sources */ = {isa = PBXBuildFile; fileRef = E46CCFA81B285A7C000ACFE2 /* ACBaseViewController.swift */; };
		E46CCFAB1B285BFA000ACFE2 /* BaseViewController+Extension.swift in Sources */ = {isa = PBXBuildFile; fileRef = E46CCFAA1B285BFA000ACFE2 /* BaseViewController+Extension.swift */; };
		E46F1BDD1B28A8C0000571DF /* SelectCurrencyViewController.swift in Sources */ = {isa = PBXBuildFile; fileRef = E46F1BDC1B28A8C0000571DF /* SelectCurrencyViewController.swift */; };
		E46F1BE01B2986D8000571DF /* Settings.swift in Sources */ = {isa = PBXBuildFile; fileRef = E46F1BDF1B2986D8000571DF /* Settings.swift */; };
		E46F1BE31B29BFAE000571DF /* encryptor_compressor.txt in Resources */ = {isa = PBXBuildFile; fileRef = E46F1BE21B29BFAE000571DF /* encryptor_compressor.txt */; };
		E47B28DF1B2477B000853EC2 /* MenuViewController.swift in Sources */ = {isa = PBXBuildFile; fileRef = E47B28DE1B2477B000853EC2 /* MenuViewController.swift */; };
		E47B28E11B249FFC00853EC2 /* Friend.swift in Sources */ = {isa = PBXBuildFile; fileRef = E47B28E01B249FFC00853EC2 /* Friend.swift */; };
		E47B28E31B24AF1A00853EC2 /* SavePurchaseViewController.swift in Sources */ = {isa = PBXBuildFile; fileRef = E47B28E21B24AF1A00853EC2 /* SavePurchaseViewController.swift */; };
		E47B28E51B24D10300853EC2 /* SelectUsersViewController.swift in Sources */ = {isa = PBXBuildFile; fileRef = E47B28E41B24D10300853EC2 /* SelectUsersViewController.swift */; };
		E47B28F21B25EB8600853EC2 /* SaveTransactionViewController.swift in Sources */ = {isa = PBXBuildFile; fileRef = E47B28F11B25EB8600853EC2 /* SaveTransactionViewController.swift */; };
		E48BC61F1B21EAB500A5E58F /* Images.xcassets in Resources */ = {isa = PBXBuildFile; fileRef = E48BC61E1B21EAB500A5E58F /* Images.xcassets */; };
		E48BC6221B21EAB500A5E58F /* LaunchScreen.xib in Resources */ = {isa = PBXBuildFile; fileRef = E48BC6201B21EAB500A5E58F /* LaunchScreen.xib */; };
		E48BC62E1B21EAB500A5E58F /* AccountsTests.swift in Sources */ = {isa = PBXBuildFile; fileRef = E48BC62D1B21EAB500A5E58F /* AccountsTests.swift */; };
		E48BC64D1B21EB7400A5E58F /* Purchase.swift in Sources */ = {isa = PBXBuildFile; fileRef = E48BC63E1B21EB7400A5E58F /* Purchase.swift */; };
		E48BC64E1B21EB7400A5E58F /* AppDelegate.swift in Sources */ = {isa = PBXBuildFile; fileRef = E48BC6421B21EB7400A5E58F /* AppDelegate.swift */; };
		E48BC64F1B21EB7400A5E58F /* RelationStatus.swift in Sources */ = {isa = PBXBuildFile; fileRef = E48BC6441B21EB7400A5E58F /* RelationStatus.swift */; };
		E48BC6501B21EB7400A5E58F /* User.swift in Sources */ = {isa = PBXBuildFile; fileRef = E48BC6451B21EB7400A5E58F /* User.swift */; };
		E48BC6511B21EB7400A5E58F /* Transaction.swift in Sources */ = {isa = PBXBuildFile; fileRef = E48BC64A1B21EB7400A5E58F /* Transaction.swift */; };
		E48BC6591B21EBA200A5E58F /* FriendsViewController.swift in Sources */ = {isa = PBXBuildFile; fileRef = E48BC6581B21EBA200A5E58F /* FriendsViewController.swift */; };
		E48BC65B1B21FC0700A5E58F /* TransactionsViewController.swift in Sources */ = {isa = PBXBuildFile; fileRef = E48BC65A1B21FC0700A5E58F /* TransactionsViewController.swift */; };
		E4DC32961B24682900FA16C3 /* Login.storyboard in Resources */ = {isa = PBXBuildFile; fileRef = E4DC32951B24682900FA16C3 /* Login.storyboard */; };
		E4DC32981B24686100FA16C3 /* Main.storyboard in Resources */ = {isa = PBXBuildFile; fileRef = E4DC32971B24686100FA16C3 /* Main.storyboard */; };
		E4DC329A1B2468AB00FA16C3 /* LoginViewController.swift in Sources */ = {isa = PBXBuildFile; fileRef = E4DC32991B2468AB00FA16C3 /* LoginViewController.swift */; };
/* End PBXBuildFile section */

/* Begin PBXContainerItemProxy section */
		E48BC6281B21EAB500A5E58F /* PBXContainerItemProxy */ = {
			isa = PBXContainerItemProxy;
			containerPortal = E48BC60A1B21EAB500A5E58F /* Project object */;
			proxyType = 1;
			remoteGlobalIDString = E48BC6111B21EAB500A5E58F;
			remoteInfo = Accounts;
		};
/* End PBXContainerItemProxy section */

/* Begin PBXFileReference section */
		229CCD75CA20DE50201D6067 /* Pods_Accounts.framework */ = {isa = PBXFileReference; explicitFileType = wrapper.framework; includeInIndex = 0; path = Pods_Accounts.framework; sourceTree = BUILT_PRODUCTS_DIR; };
		5D804DC3FB800178FC10E9A7 /* Pods-Accounts.debug.xcconfig */ = {isa = PBXFileReference; includeInIndex = 1; lastKnownFileType = text.xcconfig; name = "Pods-Accounts.debug.xcconfig"; path = "Pods/Target Support Files/Pods-Accounts/Pods-Accounts.debug.xcconfig"; sourceTree = "<group>"; };
		AC1D59DEE6922AAEB08C5128 /* Pods-Accounts.release.xcconfig */ = {isa = PBXFileReference; includeInIndex = 1; lastKnownFileType = text.xcconfig; name = "Pods-Accounts.release.xcconfig"; path = "Pods/Target Support Files/Pods-Accounts/Pods-Accounts.release.xcconfig"; sourceTree = "<group>"; };
		E46CCFA41B284F53000ACFE2 /* Formatter.swift */ = {isa = PBXFileReference; fileEncoding = 4; lastKnownFileType = sourcecode.swift; path = Formatter.swift; sourceTree = "<group>"; };
		E46CCFA61B285A61000ACFE2 /* ACFormViewController.swift */ = {isa = PBXFileReference; fileEncoding = 4; lastKnownFileType = sourcecode.swift; path = ACFormViewController.swift; sourceTree = "<group>"; };
		E46CCFA81B285A7C000ACFE2 /* ACBaseViewController.swift */ = {isa = PBXFileReference; fileEncoding = 4; lastKnownFileType = sourcecode.swift; path = ACBaseViewController.swift; sourceTree = "<group>"; };
		E46CCFAA1B285BFA000ACFE2 /* BaseViewController+Extension.swift */ = {isa = PBXFileReference; fileEncoding = 4; lastKnownFileType = sourcecode.swift; path = "BaseViewController+Extension.swift"; sourceTree = "<group>"; };
		E46F1BDC1B28A8C0000571DF /* SelectCurrencyViewController.swift */ = {isa = PBXFileReference; fileEncoding = 4; lastKnownFileType = sourcecode.swift; path = SelectCurrencyViewController.swift; sourceTree = "<group>"; };
		E46F1BDF1B2986D8000571DF /* Settings.swift */ = {isa = PBXFileReference; fileEncoding = 4; lastKnownFileType = sourcecode.swift; path = Settings.swift; sourceTree = "<group>"; };
		E46F1BE21B29BFAE000571DF /* encryptor_compressor.txt */ = {isa = PBXFileReference; fileEncoding = 4; lastKnownFileType = text; path = encryptor_compressor.txt; sourceTree = "<group>"; };
		E47B28DE1B2477B000853EC2 /* MenuViewController.swift */ = {isa = PBXFileReference; fileEncoding = 4; lastKnownFileType = sourcecode.swift; path = MenuViewController.swift; sourceTree = "<group>"; };
		E47B28E01B249FFC00853EC2 /* Friend.swift */ = {isa = PBXFileReference; fileEncoding = 4; lastKnownFileType = sourcecode.swift; path = Friend.swift; sourceTree = "<group>"; };
		E47B28E21B24AF1A00853EC2 /* SavePurchaseViewController.swift */ = {isa = PBXFileReference; fileEncoding = 4; lastKnownFileType = sourcecode.swift; path = SavePurchaseViewController.swift; sourceTree = "<group>"; };
		E47B28E41B24D10300853EC2 /* SelectUsersViewController.swift */ = {isa = PBXFileReference; fileEncoding = 4; lastKnownFileType = sourcecode.swift; path = SelectUsersViewController.swift; sourceTree = "<group>"; };
		E47B28F11B25EB8600853EC2 /* SaveTransactionViewController.swift */ = {isa = PBXFileReference; fileEncoding = 4; lastKnownFileType = sourcecode.swift; path = SaveTransactionViewController.swift; sourceTree = "<group>"; };
		E48BC6121B21EAB500A5E58F /* Accounts.app */ = {isa = PBXFileReference; explicitFileType = wrapper.application; includeInIndex = 0; path = Accounts.app; sourceTree = BUILT_PRODUCTS_DIR; };
		E48BC6161B21EAB500A5E58F /* Info.plist */ = {isa = PBXFileReference; lastKnownFileType = text.plist.xml; path = Info.plist; sourceTree = "<group>"; };
		E48BC61E1B21EAB500A5E58F /* Images.xcassets */ = {isa = PBXFileReference; lastKnownFileType = folder.assetcatalog; path = Images.xcassets; sourceTree = "<group>"; };
		E48BC6211B21EAB500A5E58F /* Base */ = {isa = PBXFileReference; lastKnownFileType = file.xib; name = Base; path = Base.lproj/LaunchScreen.xib; sourceTree = "<group>"; };
		E48BC6271B21EAB500A5E58F /* AccountsTests.xctest */ = {isa = PBXFileReference; explicitFileType = wrapper.cfbundle; includeInIndex = 0; path = AccountsTests.xctest; sourceTree = BUILT_PRODUCTS_DIR; };
		E48BC62C1B21EAB500A5E58F /* Info.plist */ = {isa = PBXFileReference; lastKnownFileType = text.plist.xml; path = Info.plist; sourceTree = "<group>"; };
		E48BC62D1B21EAB500A5E58F /* AccountsTests.swift */ = {isa = PBXFileReference; lastKnownFileType = sourcecode.swift; path = AccountsTests.swift; sourceTree = "<group>"; };
		E48BC63E1B21EB7400A5E58F /* Purchase.swift */ = {isa = PBXFileReference; fileEncoding = 4; lastKnownFileType = sourcecode.swift; path = Purchase.swift; sourceTree = "<group>"; };
		E48BC6421B21EB7400A5E58F /* AppDelegate.swift */ = {isa = PBXFileReference; fileEncoding = 4; lastKnownFileType = sourcecode.swift; path = AppDelegate.swift; sourceTree = "<group>"; };
		E48BC6441B21EB7400A5E58F /* RelationStatus.swift */ = {isa = PBXFileReference; fileEncoding = 4; lastKnownFileType = sourcecode.swift; path = RelationStatus.swift; sourceTree = "<group>"; };
		E48BC6451B21EB7400A5E58F /* User.swift */ = {isa = PBXFileReference; fileEncoding = 4; lastKnownFileType = sourcecode.swift; path = User.swift; sourceTree = "<group>"; };
		E48BC64A1B21EB7400A5E58F /* Transaction.swift */ = {isa = PBXFileReference; fileEncoding = 4; lastKnownFileType = sourcecode.swift; path = Transaction.swift; sourceTree = "<group>"; };
		E48BC6581B21EBA200A5E58F /* FriendsViewController.swift */ = {isa = PBXFileReference; fileEncoding = 4; lastKnownFileType = sourcecode.swift; path = FriendsViewController.swift; sourceTree = "<group>"; };
		E48BC65A1B21FC0700A5E58F /* TransactionsViewController.swift */ = {isa = PBXFileReference; fileEncoding = 4; lastKnownFileType = sourcecode.swift; path = TransactionsViewController.swift; sourceTree = "<group>"; };
		E4DC32951B24682900FA16C3 /* Login.storyboard */ = {isa = PBXFileReference; fileEncoding = 4; lastKnownFileType = file.storyboard; name = Login.storyboard; path = Storyboards/Login.storyboard; sourceTree = "<group>"; };
		E4DC32971B24686100FA16C3 /* Main.storyboard */ = {isa = PBXFileReference; fileEncoding = 4; lastKnownFileType = file.storyboard; name = Main.storyboard; path = Storyboards/Main.storyboard; sourceTree = "<group>"; };
		E4DC32991B2468AB00FA16C3 /* LoginViewController.swift */ = {isa = PBXFileReference; fileEncoding = 4; lastKnownFileType = sourcecode.swift; path = LoginViewController.swift; sourceTree = "<group>"; };
/* End PBXFileReference section */

/* Begin PBXFrameworksBuildPhase section */
		E48BC60F1B21EAB500A5E58F /* Frameworks */ = {
			isa = PBXFrameworksBuildPhase;
			buildActionMask = 2147483647;
			files = (
				31D41566C543FDE2CACFBFC5 /* Pods_Accounts.framework in Frameworks */,
			);
			runOnlyForDeploymentPostprocessing = 0;
		};
		E48BC6241B21EAB500A5E58F /* Frameworks */ = {
			isa = PBXFrameworksBuildPhase;
			buildActionMask = 2147483647;
			files = (
			);
			runOnlyForDeploymentPostprocessing = 0;
		};
/* End PBXFrameworksBuildPhase section */

/* Begin PBXGroup section */
		95FA162D2BB467C36A7DCD07 /* Pods */ = {
			isa = PBXGroup;
			children = (
				5D804DC3FB800178FC10E9A7 /* Pods-Accounts.debug.xcconfig */,
				AC1D59DEE6922AAEB08C5128 /* Pods-Accounts.release.xcconfig */,
			);
			name = Pods;
			sourceTree = "<group>";
		};
		B954DA9C2B68D89F6D3DA596 /* Frameworks */ = {
			isa = PBXGroup;
			children = (
				229CCD75CA20DE50201D6067 /* Pods_Accounts.framework */,
			);
			name = Frameworks;
			sourceTree = "<group>";
		};
		E46F1BDA1B28A8AF000571DF /* Settings */ = {
			isa = PBXGroup;
			children = (
				E46F1BDE1B2986CC000571DF /* Models */,
				E46F1BDB1B28A8AF000571DF /* ViewControllers */,
			);
			path = Settings;
			sourceTree = "<group>";
		};
		E46F1BDB1B28A8AF000571DF /* ViewControllers */ = {
			isa = PBXGroup;
			children = (
				E46F1BDC1B28A8C0000571DF /* SelectCurrencyViewController.swift */,
			);
			path = ViewControllers;
			sourceTree = "<group>";
		};
		E46F1BDE1B2986CC000571DF /* Models */ = {
			isa = PBXGroup;
			children = (
				E46F1BDF1B2986D8000571DF /* Settings.swift */,
			);
			path = Models;
			sourceTree = "<group>";
		};
		E48BC6091B21EAB500A5E58F = {
			isa = PBXGroup;
			children = (
				E48BC6141B21EAB500A5E58F /* Accounts */,
				E48BC62A1B21EAB500A5E58F /* AccountsTests */,
				E48BC6131B21EAB500A5E58F /* Products */,
				95FA162D2BB467C36A7DCD07 /* Pods */,
				B954DA9C2B68D89F6D3DA596 /* Frameworks */,
			);
			sourceTree = "<group>";
		};
		E48BC6131B21EAB500A5E58F /* Products */ = {
			isa = PBXGroup;
			children = (
				E48BC6121B21EAB500A5E58F /* Accounts.app */,
				E48BC6271B21EAB500A5E58F /* AccountsTests.xctest */,
			);
			name = Products;
			sourceTree = "<group>";
		};
		E48BC6141B21EAB500A5E58F /* Accounts */ = {
			isa = PBXGroup;
			children = (
				E46F1BE21B29BFAE000571DF /* encryptor_compressor.txt */,
				E4DC32941B24680E00FA16C3 /* Storyboards */,
				E48BC6371B21EB7400A5E58F /* Classes */,
				E48BC61E1B21EAB500A5E58F /* Images.xcassets */,
				E48BC6201B21EAB500A5E58F /* LaunchScreen.xib */,
				E48BC6151B21EAB500A5E58F /* Supporting Files */,
			);
			path = Accounts;
			sourceTree = "<group>";
		};
		E48BC6151B21EAB500A5E58F /* Supporting Files */ = {
			isa = PBXGroup;
			children = (
				E48BC6161B21EAB500A5E58F /* Info.plist */,
			);
			name = "Supporting Files";
			sourceTree = "<group>";
		};
		E48BC62A1B21EAB500A5E58F /* AccountsTests */ = {
			isa = PBXGroup;
			children = (
				E48BC62D1B21EAB500A5E58F /* AccountsTests.swift */,
				E48BC62B1B21EAB500A5E58F /* Supporting Files */,
			);
			path = AccountsTests;
			sourceTree = "<group>";
		};
		E48BC62B1B21EAB500A5E58F /* Supporting Files */ = {
			isa = PBXGroup;
			children = (
				E48BC62C1B21EAB500A5E58F /* Info.plist */,
			);
			name = "Supporting Files";
			sourceTree = "<group>";
		};
		E48BC6371B21EB7400A5E58F /* Classes */ = {
			isa = PBXGroup;
			children = (
				E46F1BDA1B28A8AF000571DF /* Settings */,
				E48BC6521B21EB9300A5E58F /* Friends */,
				E48BC6381B21EB7400A5E58F /* Login */,
				E48BC63C1B21EB7400A5E58F /* Purchases */,
				E48BC6411B21EB7400A5E58F /* Shared */,
				E48BC6481B21EB7400A5E58F /* Transactions */,
			);
			path = Classes;
			sourceTree = "<group>";
		};
		E48BC6381B21EB7400A5E58F /* Login */ = {
			isa = PBXGroup;
			children = (
				E48BC6391B21EB7400A5E58F /* Models */,
				E48BC63A1B21EB7400A5E58F /* ViewControllers */,
				E48BC63B1B21EB7400A5E58F /* Views */,
			);
			path = Login;
			sourceTree = "<group>";
		};
		E48BC6391B21EB7400A5E58F /* Models */ = {
			isa = PBXGroup;
			children = (
			);
			path = Models;
			sourceTree = "<group>";
		};
		E48BC63A1B21EB7400A5E58F /* ViewControllers */ = {
			isa = PBXGroup;
			children = (
				E4DC32991B2468AB00FA16C3 /* LoginViewController.swift */,
			);
			path = ViewControllers;
			sourceTree = "<group>";
		};
		E48BC63B1B21EB7400A5E58F /* Views */ = {
			isa = PBXGroup;
			children = (
			);
			path = Views;
			sourceTree = "<group>";
		};
		E48BC63C1B21EB7400A5E58F /* Purchases */ = {
			isa = PBXGroup;
			children = (
				E48BC63D1B21EB7400A5E58F /* Models */,
				E48BC63F1B21EB7400A5E58F /* ViewControllers */,
				E48BC6401B21EB7400A5E58F /* Views */,
			);
			path = Purchases;
			sourceTree = "<group>";
		};
		E48BC63D1B21EB7400A5E58F /* Models */ = {
			isa = PBXGroup;
			children = (
				E48BC63E1B21EB7400A5E58F /* Purchase.swift */,
			);
			path = Models;
			sourceTree = "<group>";
		};
		E48BC63F1B21EB7400A5E58F /* ViewControllers */ = {
			isa = PBXGroup;
			children = (
				E47B28E21B24AF1A00853EC2 /* SavePurchaseViewController.swift */,
			);
			path = ViewControllers;
			sourceTree = "<group>";
		};
		E48BC6401B21EB7400A5E58F /* Views */ = {
			isa = PBXGroup;
			children = (
			);
			path = Views;
			sourceTree = "<group>";
		};
		E48BC6411B21EB7400A5E58F /* Shared */ = {
			isa = PBXGroup;
			children = (
				E48BC6421B21EB7400A5E58F /* AppDelegate.swift */,
				E48BC6431B21EB7400A5E58F /* Models */,
				E48BC6461B21EB7400A5E58F /* ViewControllers */,
				E48BC6471B21EB7400A5E58F /* Views */,
				E46CCFA41B284F53000ACFE2 /* Formatter.swift */,
			);
			path = Shared;
			sourceTree = "<group>";
		};
		E48BC6431B21EB7400A5E58F /* Models */ = {
			isa = PBXGroup;
			children = (
				E48BC6441B21EB7400A5E58F /* RelationStatus.swift */,
				E48BC6451B21EB7400A5E58F /* User.swift */,
				E47B28E01B249FFC00853EC2 /* Friend.swift */,
			);
			path = Models;
			sourceTree = "<group>";
		};
		E48BC6461B21EB7400A5E58F /* ViewControllers */ = {
			isa = PBXGroup;
			children = (
				E47B28DE1B2477B000853EC2 /* MenuViewController.swift */,
				E46CCFA61B285A61000ACFE2 /* ACFormViewController.swift */,
				E46CCFA81B285A7C000ACFE2 /* ACBaseViewController.swift */,
				E46CCFAA1B285BFA000ACFE2 /* BaseViewController+Extension.swift */,
			);
			path = ViewControllers;
			sourceTree = "<group>";
		};
		E48BC6471B21EB7400A5E58F /* Views */ = {
			isa = PBXGroup;
			children = (
			);
			path = Views;
			sourceTree = "<group>";
		};
		E48BC6481B21EB7400A5E58F /* Transactions */ = {
			isa = PBXGroup;
			children = (
				E48BC6491B21EB7400A5E58F /* Models */,
				E48BC64B1B21EB7400A5E58F /* ViewControllers */,
				E48BC64C1B21EB7400A5E58F /* Views */,
			);
			path = Transactions;
			sourceTree = "<group>";
		};
		E48BC6491B21EB7400A5E58F /* Models */ = {
			isa = PBXGroup;
			children = (
				E48BC64A1B21EB7400A5E58F /* Transaction.swift */,
			);
			path = Models;
			sourceTree = "<group>";
		};
		E48BC64B1B21EB7400A5E58F /* ViewControllers */ = {
			isa = PBXGroup;
			children = (
				E48BC65A1B21FC0700A5E58F /* TransactionsViewController.swift */,
				E47B28F11B25EB8600853EC2 /* SaveTransactionViewController.swift */,
			);
			path = ViewControllers;
			sourceTree = "<group>";
		};
		E48BC64C1B21EB7400A5E58F /* Views */ = {
			isa = PBXGroup;
			children = (
			);
			path = Views;
			sourceTree = "<group>";
		};
		E48BC6521B21EB9300A5E58F /* Friends */ = {
			isa = PBXGroup;
			children = (
				E48BC6531B21EB9300A5E58F /* Models */,
				E48BC6551B21EB9300A5E58F /* ViewControllers */,
				E48BC6561B21EB9300A5E58F /* Views */,
			);
			path = Friends;
			sourceTree = "<group>";
		};
		E48BC6531B21EB9300A5E58F /* Models */ = {
			isa = PBXGroup;
			children = (
			);
			path = Models;
			sourceTree = "<group>";
		};
		E48BC6551B21EB9300A5E58F /* ViewControllers */ = {
			isa = PBXGroup;
			children = (
				E48BC6581B21EBA200A5E58F /* FriendsViewController.swift */,
				E47B28E41B24D10300853EC2 /* SelectUsersViewController.swift */,
			);
			path = ViewControllers;
			sourceTree = "<group>";
		};
		E48BC6561B21EB9300A5E58F /* Views */ = {
			isa = PBXGroup;
			children = (
			);
			path = Views;
			sourceTree = "<group>";
		};
		E4DC32941B24680E00FA16C3 /* Storyboards */ = {
			isa = PBXGroup;
			children = (
				E4DC32971B24686100FA16C3 /* Main.storyboard */,
				E4DC32951B24682900FA16C3 /* Login.storyboard */,
			);
			name = Storyboards;
			sourceTree = "<group>";
		};
/* End PBXGroup section */

/* Begin PBXNativeTarget section */
		E48BC6111B21EAB500A5E58F /* Accounts */ = {
			isa = PBXNativeTarget;
			buildConfigurationList = E48BC6311B21EAB500A5E58F /* Build configuration list for PBXNativeTarget "Accounts" */;
			buildPhases = (
				C996ACAF984D11D202D36FB7 /* Check Pods Manifest.lock */,
				E48BC60E1B21EAB500A5E58F /* Sources */,
				E48BC60F1B21EAB500A5E58F /* Frameworks */,
				E48BC6101B21EAB500A5E58F /* Resources */,
				BC26CD75A22EFB0F35B05F3E /* Embed Pods Frameworks */,
				AB5A966DB0A6ADC2B6E8A5F6 /* Copy Pods Resources */,
			);
			buildRules = (
			);
			dependencies = (
			);
			name = Accounts;
			productName = Accounts;
			productReference = E48BC6121B21EAB500A5E58F /* Accounts.app */;
			productType = "com.apple.product-type.application";
		};
		E48BC6261B21EAB500A5E58F /* AccountsTests */ = {
			isa = PBXNativeTarget;
			buildConfigurationList = E48BC6341B21EAB500A5E58F /* Build configuration list for PBXNativeTarget "AccountsTests" */;
			buildPhases = (
				E48BC6231B21EAB500A5E58F /* Sources */,
				E48BC6241B21EAB500A5E58F /* Frameworks */,
				E48BC6251B21EAB500A5E58F /* Resources */,
			);
			buildRules = (
			);
			dependencies = (
				E48BC6291B21EAB500A5E58F /* PBXTargetDependency */,
			);
			name = AccountsTests;
			productName = AccountsTests;
			productReference = E48BC6271B21EAB500A5E58F /* AccountsTests.xctest */;
			productType = "com.apple.product-type.bundle.unit-test";
		};
/* End PBXNativeTarget section */

/* Begin PBXProject section */
		E48BC60A1B21EAB500A5E58F /* Project object */ = {
			isa = PBXProject;
			attributes = {
				LastUpgradeCheck = 0630;
				ORGANIZATIONNAME = "Alex Bechmann";
				TargetAttributes = {
					E48BC6111B21EAB500A5E58F = {
						CreatedOnToolsVersion = 6.3;
						DevelopmentTeam = 683JDF4RTN;
					};
					E48BC6261B21EAB500A5E58F = {
						CreatedOnToolsVersion = 6.3;
						TestTargetID = E48BC6111B21EAB500A5E58F;
					};
				};
			};
			buildConfigurationList = E48BC60D1B21EAB500A5E58F /* Build configuration list for PBXProject "Accounts" */;
			compatibilityVersion = "Xcode 3.2";
			developmentRegion = English;
			hasScannedForEncodings = 0;
			knownRegions = (
				en,
				Base,
			);
			mainGroup = E48BC6091B21EAB500A5E58F;
			productRefGroup = E48BC6131B21EAB500A5E58F /* Products */;
			projectDirPath = "";
			projectRoot = "";
			targets = (
				E48BC6111B21EAB500A5E58F /* Accounts */,
				E48BC6261B21EAB500A5E58F /* AccountsTests */,
			);
		};
/* End PBXProject section */

/* Begin PBXResourcesBuildPhase section */
		E48BC6101B21EAB500A5E58F /* Resources */ = {
			isa = PBXResourcesBuildPhase;
			buildActionMask = 2147483647;
			files = (
				E4DC32961B24682900FA16C3 /* Login.storyboard in Resources */,
				E46F1BE31B29BFAE000571DF /* encryptor_compressor.txt in Resources */,
				E48BC6221B21EAB500A5E58F /* LaunchScreen.xib in Resources */,
				E48BC61F1B21EAB500A5E58F /* Images.xcassets in Resources */,
				E4DC32981B24686100FA16C3 /* Main.storyboard in Resources */,
			);
			runOnlyForDeploymentPostprocessing = 0;
		};
		E48BC6251B21EAB500A5E58F /* Resources */ = {
			isa = PBXResourcesBuildPhase;
			buildActionMask = 2147483647;
			files = (
			);
			runOnlyForDeploymentPostprocessing = 0;
		};
/* End PBXResourcesBuildPhase section */

/* Begin PBXShellScriptBuildPhase section */
		AB5A966DB0A6ADC2B6E8A5F6 /* Copy Pods Resources */ = {
			isa = PBXShellScriptBuildPhase;
			buildActionMask = 2147483647;
			files = (
			);
			inputPaths = (
			);
			name = "Copy Pods Resources";
			outputPaths = (
			);
			runOnlyForDeploymentPostprocessing = 0;
			shellPath = /bin/sh;
			shellScript = "\"${SRCROOT}/Pods/Target Support Files/Pods-Accounts/Pods-Accounts-resources.sh\"\n";
			showEnvVarsInLog = 0;
		};
		BC26CD75A22EFB0F35B05F3E /* Embed Pods Frameworks */ = {
			isa = PBXShellScriptBuildPhase;
			buildActionMask = 2147483647;
			files = (
			);
			inputPaths = (
			);
			name = "Embed Pods Frameworks";
			outputPaths = (
			);
			runOnlyForDeploymentPostprocessing = 0;
			shellPath = /bin/sh;
			shellScript = "\"${SRCROOT}/Pods/Target Support Files/Pods-Accounts/Pods-Accounts-frameworks.sh\"\n";
			showEnvVarsInLog = 0;
		};
		C996ACAF984D11D202D36FB7 /* Check Pods Manifest.lock */ = {
			isa = PBXShellScriptBuildPhase;
			buildActionMask = 2147483647;
			files = (
			);
			inputPaths = (
			);
			name = "Check Pods Manifest.lock";
			outputPaths = (
			);
			runOnlyForDeploymentPostprocessing = 0;
			shellPath = /bin/sh;
			shellScript = "diff \"${PODS_ROOT}/../Podfile.lock\" \"${PODS_ROOT}/Manifest.lock\" > /dev/null\nif [[ $? != 0 ]] ; then\n    cat << EOM\nerror: The sandbox is not in sync with the Podfile.lock. Run 'pod install' or update your CocoaPods installation.\nEOM\n    exit 1\nfi\n";
			showEnvVarsInLog = 0;
		};
/* End PBXShellScriptBuildPhase section */

/* Begin PBXSourcesBuildPhase section */
		E48BC60E1B21EAB500A5E58F /* Sources */ = {
			isa = PBXSourcesBuildPhase;
			buildActionMask = 2147483647;
			files = (
				E48BC65B1B21FC0700A5E58F /* TransactionsViewController.swift in Sources */,
				E46CCFAB1B285BFA000ACFE2 /* BaseViewController+Extension.swift in Sources */,
				E48BC64E1B21EB7400A5E58F /* AppDelegate.swift in Sources */,
				E48BC64F1B21EB7400A5E58F /* RelationStatus.swift in Sources */,
				E47B28F21B25EB8600853EC2 /* SaveTransactionViewController.swift in Sources */,
				E48BC6511B21EB7400A5E58F /* Transaction.swift in Sources */,
				E46CCFA91B285A7C000ACFE2 /* ACBaseViewController.swift in Sources */,
				E47B28E31B24AF1A00853EC2 /* SavePurchaseViewController.swift in Sources */,
				E47B28DF1B2477B000853EC2 /* MenuViewController.swift in Sources */,
				E4DC329A1B2468AB00FA16C3 /* LoginViewController.swift in Sources */,
				E48BC6591B21EBA200A5E58F /* FriendsViewController.swift in Sources */,
				E46CCFA71B285A61000ACFE2 /* ACFormViewController.swift in Sources */,
				E47B28E11B249FFC00853EC2 /* Friend.swift in Sources */,
				E48BC64D1B21EB7400A5E58F /* Purchase.swift in Sources */,
				E47B28E51B24D10300853EC2 /* SelectUsersViewController.swift in Sources */,
				E46F1BDD1B28A8C0000571DF /* SelectCurrencyViewController.swift in Sources */,
				E46CCFA51B284F53000ACFE2 /* Formatter.swift in Sources */,
				E48BC6501B21EB7400A5E58F /* User.swift in Sources */,
				E46F1BE01B2986D8000571DF /* Settings.swift in Sources */,
			);
			runOnlyForDeploymentPostprocessing = 0;
		};
		E48BC6231B21EAB500A5E58F /* Sources */ = {
			isa = PBXSourcesBuildPhase;
			buildActionMask = 2147483647;
			files = (
				E48BC62E1B21EAB500A5E58F /* AccountsTests.swift in Sources */,
			);
			runOnlyForDeploymentPostprocessing = 0;
		};
/* End PBXSourcesBuildPhase section */

/* Begin PBXTargetDependency section */
		E48BC6291B21EAB500A5E58F /* PBXTargetDependency */ = {
			isa = PBXTargetDependency;
			target = E48BC6111B21EAB500A5E58F /* Accounts */;
			targetProxy = E48BC6281B21EAB500A5E58F /* PBXContainerItemProxy */;
		};
/* End PBXTargetDependency section */

/* Begin PBXVariantGroup section */
		E48BC6201B21EAB500A5E58F /* LaunchScreen.xib */ = {
			isa = PBXVariantGroup;
			children = (
				E48BC6211B21EAB500A5E58F /* Base */,
			);
			name = LaunchScreen.xib;
			sourceTree = "<group>";
		};
/* End PBXVariantGroup section */

/* Begin XCBuildConfiguration section */
		E48BC62F1B21EAB500A5E58F /* Debug */ = {
			isa = XCBuildConfiguration;
			buildSettings = {
				ALWAYS_SEARCH_USER_PATHS = NO;
				CLANG_CXX_LANGUAGE_STANDARD = "gnu++0x";
				CLANG_CXX_LIBRARY = "libc++";
				CLANG_ENABLE_MODULES = YES;
				CLANG_ENABLE_OBJC_ARC = YES;
				CLANG_WARN_BOOL_CONVERSION = YES;
				CLANG_WARN_CONSTANT_CONVERSION = YES;
				CLANG_WARN_DIRECT_OBJC_ISA_USAGE = YES_ERROR;
				CLANG_WARN_EMPTY_BODY = YES;
				CLANG_WARN_ENUM_CONVERSION = YES;
				CLANG_WARN_INT_CONVERSION = YES;
				CLANG_WARN_OBJC_ROOT_CLASS = YES_ERROR;
				CLANG_WARN_UNREACHABLE_CODE = YES;
				CLANG_WARN__DUPLICATE_METHOD_MATCH = YES;
				"CODE_SIGN_IDENTITY[sdk=iphoneos*]" = "iPhone Developer";
				COPY_PHASE_STRIP = NO;
				DEBUG_INFORMATION_FORMAT = "dwarf-with-dsym";
				ENABLE_STRICT_OBJC_MSGSEND = YES;
				GCC_C_LANGUAGE_STANDARD = gnu99;
				GCC_DYNAMIC_NO_PIC = NO;
				GCC_NO_COMMON_BLOCKS = YES;
				GCC_OPTIMIZATION_LEVEL = 0;
				GCC_PREPROCESSOR_DEFINITIONS = (
					"DEBUG=1",
					"$(inherited)",
				);
				GCC_SYMBOLS_PRIVATE_EXTERN = NO;
				GCC_WARN_64_TO_32_BIT_CONVERSION = YES;
				GCC_WARN_ABOUT_RETURN_TYPE = YES_ERROR;
				GCC_WARN_UNDECLARED_SELECTOR = YES;
				GCC_WARN_UNINITIALIZED_AUTOS = YES_AGGRESSIVE;
				GCC_WARN_UNUSED_FUNCTION = YES;
				GCC_WARN_UNUSED_VARIABLE = YES;
				IPHONEOS_DEPLOYMENT_TARGET = 8.3;
				MTL_ENABLE_DEBUG_INFO = YES;
				ONLY_ACTIVE_ARCH = YES;
				SDKROOT = iphoneos;
				SWIFT_OPTIMIZATION_LEVEL = "-Onone";
				TARGETED_DEVICE_FAMILY = "1,2";
			};
			name = Debug;
		};
		E48BC6301B21EAB500A5E58F /* Release */ = {
			isa = XCBuildConfiguration;
			buildSettings = {
				ALWAYS_SEARCH_USER_PATHS = NO;
				CLANG_CXX_LANGUAGE_STANDARD = "gnu++0x";
				CLANG_CXX_LIBRARY = "libc++";
				CLANG_ENABLE_MODULES = YES;
				CLANG_ENABLE_OBJC_ARC = YES;
				CLANG_WARN_BOOL_CONVERSION = YES;
				CLANG_WARN_CONSTANT_CONVERSION = YES;
				CLANG_WARN_DIRECT_OBJC_ISA_USAGE = YES_ERROR;
				CLANG_WARN_EMPTY_BODY = YES;
				CLANG_WARN_ENUM_CONVERSION = YES;
				CLANG_WARN_INT_CONVERSION = YES;
				CLANG_WARN_OBJC_ROOT_CLASS = YES_ERROR;
				CLANG_WARN_UNREACHABLE_CODE = YES;
				CLANG_WARN__DUPLICATE_METHOD_MATCH = YES;
				"CODE_SIGN_IDENTITY[sdk=iphoneos*]" = "iPhone Developer";
				COPY_PHASE_STRIP = NO;
				DEBUG_INFORMATION_FORMAT = "dwarf-with-dsym";
				ENABLE_NS_ASSERTIONS = NO;
				ENABLE_STRICT_OBJC_MSGSEND = YES;
				GCC_C_LANGUAGE_STANDARD = gnu99;
				GCC_NO_COMMON_BLOCKS = YES;
				GCC_WARN_64_TO_32_BIT_CONVERSION = YES;
				GCC_WARN_ABOUT_RETURN_TYPE = YES_ERROR;
				GCC_WARN_UNDECLARED_SELECTOR = YES;
				GCC_WARN_UNINITIALIZED_AUTOS = YES_AGGRESSIVE;
				GCC_WARN_UNUSED_FUNCTION = YES;
				GCC_WARN_UNUSED_VARIABLE = YES;
				IPHONEOS_DEPLOYMENT_TARGET = 8.3;
				MTL_ENABLE_DEBUG_INFO = NO;
				SDKROOT = iphoneos;
				TARGETED_DEVICE_FAMILY = "1,2";
				VALIDATE_PRODUCT = YES;
			};
			name = Release;
		};
		E48BC6321B21EAB500A5E58F /* Debug */ = {
			isa = XCBuildConfiguration;
			baseConfigurationReference = 5D804DC3FB800178FC10E9A7 /* Pods-Accounts.debug.xcconfig */;
			buildSettings = {
				ASSETCATALOG_COMPILER_APPICON_NAME = AppIcon;
				CODE_SIGN_IDENTITY = "iPhone Developer";
				INFOPLIST_FILE = Accounts/Info.plist;
				IPHONEOS_DEPLOYMENT_TARGET = 8.3;
				LD_RUNPATH_SEARCH_PATHS = "$(inherited) @executable_path/Frameworks";
				PRODUCT_NAME = "$(TARGET_NAME)";
			};
			name = Debug;
		};
		E48BC6331B21EAB500A5E58F /* Release */ = {
			isa = XCBuildConfiguration;
			baseConfigurationReference = AC1D59DEE6922AAEB08C5128 /* Pods-Accounts.release.xcconfig */;
			buildSettings = {
				ASSETCATALOG_COMPILER_APPICON_NAME = AppIcon;
				CODE_SIGN_IDENTITY = "iPhone Developer";
				INFOPLIST_FILE = Accounts/Info.plist;
				IPHONEOS_DEPLOYMENT_TARGET = 8.3;
				LD_RUNPATH_SEARCH_PATHS = "$(inherited) @executable_path/Frameworks";
				PRODUCT_NAME = "$(TARGET_NAME)";
			};
			name = Release;
		};
		E48BC6351B21EAB500A5E58F /* Debug */ = {
			isa = XCBuildConfiguration;
			buildSettings = {
				BUNDLE_LOADER = "$(TEST_HOST)";
				FRAMEWORK_SEARCH_PATHS = (
					"$(SDKROOT)/Developer/Library/Frameworks",
					"$(inherited)",
				);
				GCC_PREPROCESSOR_DEFINITIONS = (
					"DEBUG=1",
					"$(inherited)",
				);
				INFOPLIST_FILE = AccountsTests/Info.plist;
				LD_RUNPATH_SEARCH_PATHS = "$(inherited) @executable_path/Frameworks @loader_path/Frameworks";
				PRODUCT_NAME = "$(TARGET_NAME)";
				TEST_HOST = "$(BUILT_PRODUCTS_DIR)/Accounts.app/Accounts";
			};
			name = Debug;
		};
		E48BC6361B21EAB500A5E58F /* Release */ = {
			isa = XCBuildConfiguration;
			buildSettings = {
				BUNDLE_LOADER = "$(TEST_HOST)";
				FRAMEWORK_SEARCH_PATHS = (
					"$(SDKROOT)/Developer/Library/Frameworks",
					"$(inherited)",
				);
				INFOPLIST_FILE = AccountsTests/Info.plist;
				LD_RUNPATH_SEARCH_PATHS = "$(inherited) @executable_path/Frameworks @loader_path/Frameworks";
				PRODUCT_NAME = "$(TARGET_NAME)";
				TEST_HOST = "$(BUILT_PRODUCTS_DIR)/Accounts.app/Accounts";
			};
			name = Release;
		};
/* End XCBuildConfiguration section */

/* Begin XCConfigurationList section */
		E48BC60D1B21EAB500A5E58F /* Build configuration list for PBXProject "Accounts" */ = {
			isa = XCConfigurationList;
			buildConfigurations = (
				E48BC62F1B21EAB500A5E58F /* Debug */,
				E48BC6301B21EAB500A5E58F /* Release */,
			);
			defaultConfigurationIsVisible = 0;
			defaultConfigurationName = Release;
		};
		E48BC6311B21EAB500A5E58F /* Build configuration list for PBXNativeTarget "Accounts" */ = {
			isa = XCConfigurationList;
			buildConfigurations = (
				E48BC6321B21EAB500A5E58F /* Debug */,
				E48BC6331B21EAB500A5E58F /* Release */,
			);
			defaultConfigurationIsVisible = 0;
			defaultConfigurationName = Release;
		};
		E48BC6341B21EAB500A5E58F /* Build configuration list for PBXNativeTarget "AccountsTests" */ = {
			isa = XCConfigurationList;
			buildConfigurations = (
				E48BC6351B21EAB500A5E58F /* Debug */,
				E48BC6361B21EAB500A5E58F /* Release */,
			);
			defaultConfigurationIsVisible = 0;
			defaultConfigurationName = Release;
		};
/* End XCConfigurationList section */
	};
	rootObject = E48BC60A1B21EAB500A5E58F /* Project object */;
}
