// !$*UTF8*$!
{
	archiveVersion = 1;
	classes = {
	};
	objectVersion = 46;
	objects = {

/* Begin PBXBuildFile section */
		737CA235B89BDA33F1660400 /* libPods.a in Frameworks */ = {isa = PBXBuildFile; fileRef = BF7E7035D53D11D4DB724424 /* libPods.a */; };
		E17CD2741AD3E06200C1716D /* AppDelegate.swift in Sources */ = {isa = PBXBuildFile; fileRef = E17CD2731AD3E06200C1716D /* AppDelegate.swift */; };
		E17CD2761AD3E06200C1716D /* FriendsViewController.swift in Sources */ = {isa = PBXBuildFile; fileRef = E17CD2751AD3E06200C1716D /* FriendsViewController.swift */; };
		E17CD27B1AD3E06200C1716D /* Images.xcassets in Resources */ = {isa = PBXBuildFile; fileRef = E17CD27A1AD3E06200C1716D /* Images.xcassets */; };
		E17CD27E1AD3E06200C1716D /* LaunchScreen.xib in Resources */ = {isa = PBXBuildFile; fileRef = E17CD27C1AD3E06200C1716D /* LaunchScreen.xib */; };
		E17CD28A1AD3E06200C1716D /* AccountsTests.swift in Sources */ = {isa = PBXBuildFile; fileRef = E17CD2891AD3E06200C1716D /* AccountsTests.swift */; };
		E17CD2961AD3E36B00C1716D /* BaseViewController.swift in Sources */ = {isa = PBXBuildFile; fileRef = E17CD2951AD3E36B00C1716D /* BaseViewController.swift */; };
		E17CD29F1AD3F45000C1716D /* AutoLayoutHelper.swift in Sources */ = {isa = PBXBuildFile; fileRef = E17CD29B1AD3F45000C1716D /* AutoLayoutHelper.swift */; };
		E17CD2A01AD3F45000C1716D /* JSONReader.swift in Sources */ = {isa = PBXBuildFile; fileRef = E17CD29C1AD3F45000C1716D /* JSONReader.swift */; };
		E17CD2A11AD3F45000C1716D /* swiftyJSON.swift in Sources */ = {isa = PBXBuildFile; fileRef = E17CD29D1AD3F45000C1716D /* swiftyJSON.swift */; };
		E17CD2A21AD3F45000C1716D /* Tools.swift in Sources */ = {isa = PBXBuildFile; fileRef = E17CD29E1AD3F45000C1716D /* Tools.swift */; };
		E17CD2AE1AD5384C00C1716D /* User.swift in Sources */ = {isa = PBXBuildFile; fileRef = E17CD2AD1AD5384C00C1716D /* User.swift */; };
		E17CD2B01AD53B5300C1716D /* JSONObject.swift in Sources */ = {isa = PBXBuildFile; fileRef = E17CD2AF1AD53B5300C1716D /* JSONObject.swift */; };
		E46467481AD96F9E005CD18B /* LoginViewController.swift in Sources */ = {isa = PBXBuildFile; fileRef = E46467471AD96F9E005CD18B /* LoginViewController.swift */; };
		E464674A1AD9798A005CD18B /* Session.swift in Sources */ = {isa = PBXBuildFile; fileRef = E46467491AD9798A005CD18B /* Session.swift */; };
		E464674C1AD9B927005CD18B /* AppTools.swift in Sources */ = {isa = PBXBuildFile; fileRef = E464674B1AD9B927005CD18B /* AppTools.swift */; };
		E46467531AD9D7AB005CD18B /* Response.swift in Sources */ = {isa = PBXBuildFile; fileRef = E46467521AD9D7AB005CD18B /* Response.swift */; };
		E4BFF0571AD9F8B000CAEF93 /* Main.storyboard in Resources */ = {isa = PBXBuildFile; fileRef = E4BFF0561AD9F8B000CAEF93 /* Main.storyboard */; };
		E4BFF0591AD9FA4700CAEF93 /* UIStoryboardExtension.swift in Sources */ = {isa = PBXBuildFile; fileRef = E4BFF0581AD9FA4700CAEF93 /* UIStoryboardExtension.swift */; };
		E4BFF05B1AD9FD4600CAEF93 /* StringExtension.swift in Sources */ = {isa = PBXBuildFile; fileRef = E4BFF05A1AD9FD4600CAEF93 /* StringExtension.swift */; };
		E4BFF05F1ADA937100CAEF93 /* FriendInvitesViewController.swift in Sources */ = {isa = PBXBuildFile; fileRef = E4BFF05E1ADA937100CAEF93 /* FriendInvitesViewController.swift */; };
		E4BFF0611ADAB48900CAEF93 /* Relation.swift in Sources */ = {isa = PBXBuildFile; fileRef = E4BFF0601ADAB48900CAEF93 /* Relation.swift */; };
		E4BFF0651ADAD6A900CAEF93 /* MenuViewController.swift in Sources */ = {isa = PBXBuildFile; fileRef = E4BFF0641ADAD6A900CAEF93 /* MenuViewController.swift */; };
		E4BFF0671ADAD6B900CAEF93 /* Login.storyboard in Resources */ = {isa = PBXBuildFile; fileRef = E4BFF0661ADAD6B900CAEF93 /* Login.storyboard */; };
		E4BFF0691ADAF7D500CAEF93 /* RelationStatus.swift in Sources */ = {isa = PBXBuildFile; fileRef = E4BFF0681ADAF7D500CAEF93 /* RelationStatus.swift */; };
/* End PBXBuildFile section */

/* Begin PBXContainerItemProxy section */
		E17CD2841AD3E06200C1716D /* PBXContainerItemProxy */ = {
			isa = PBXContainerItemProxy;
			containerPortal = E17CD2661AD3E06200C1716D /* Project object */;
			proxyType = 1;
			remoteGlobalIDString = E17CD26D1AD3E06200C1716D;
			remoteInfo = Accounts;
		};
/* End PBXContainerItemProxy section */

/* Begin PBXFileReference section */
		BF7E7035D53D11D4DB724424 /* libPods.a */ = {isa = PBXFileReference; explicitFileType = archive.ar; includeInIndex = 0; path = libPods.a; sourceTree = BUILT_PRODUCTS_DIR; };
		E03B6C7ED8A5E14D06CCC230 /* Pods.debug.xcconfig */ = {isa = PBXFileReference; includeInIndex = 1; lastKnownFileType = text.xcconfig; name = Pods.debug.xcconfig; path = "Pods/Target Support Files/Pods/Pods.debug.xcconfig"; sourceTree = "<group>"; };
		E17CD26E1AD3E06200C1716D /* Accounts.app */ = {isa = PBXFileReference; explicitFileType = wrapper.application; includeInIndex = 0; path = Accounts.app; sourceTree = BUILT_PRODUCTS_DIR; };
		E17CD2721AD3E06200C1716D /* Info.plist */ = {isa = PBXFileReference; lastKnownFileType = text.plist.xml; path = Info.plist; sourceTree = "<group>"; };
		E17CD2731AD3E06200C1716D /* AppDelegate.swift */ = {isa = PBXFileReference; lastKnownFileType = sourcecode.swift; path = AppDelegate.swift; sourceTree = "<group>"; };
		E17CD2751AD3E06200C1716D /* FriendsViewController.swift */ = {isa = PBXFileReference; lastKnownFileType = sourcecode.swift; path = FriendsViewController.swift; sourceTree = "<group>"; };
		E17CD27A1AD3E06200C1716D /* Images.xcassets */ = {isa = PBXFileReference; lastKnownFileType = folder.assetcatalog; path = Images.xcassets; sourceTree = "<group>"; };
		E17CD27D1AD3E06200C1716D /* Base */ = {isa = PBXFileReference; lastKnownFileType = file.xib; name = Base; path = Base.lproj/LaunchScreen.xib; sourceTree = "<group>"; };
		E17CD2831AD3E06200C1716D /* AccountsTests.xctest */ = {isa = PBXFileReference; explicitFileType = wrapper.cfbundle; includeInIndex = 0; path = AccountsTests.xctest; sourceTree = BUILT_PRODUCTS_DIR; };
		E17CD2881AD3E06200C1716D /* Info.plist */ = {isa = PBXFileReference; lastKnownFileType = text.plist.xml; path = Info.plist; sourceTree = "<group>"; };
		E17CD2891AD3E06200C1716D /* AccountsTests.swift */ = {isa = PBXFileReference; lastKnownFileType = sourcecode.swift; path = AccountsTests.swift; sourceTree = "<group>"; };
		E17CD2951AD3E36B00C1716D /* BaseViewController.swift */ = {isa = PBXFileReference; fileEncoding = 4; lastKnownFileType = sourcecode.swift; path = BaseViewController.swift; sourceTree = "<group>"; };
		E17CD29B1AD3F45000C1716D /* AutoLayoutHelper.swift */ = {isa = PBXFileReference; fileEncoding = 4; lastKnownFileType = sourcecode.swift; path = AutoLayoutHelper.swift; sourceTree = "<group>"; };
		E17CD29C1AD3F45000C1716D /* JSONReader.swift */ = {isa = PBXFileReference; fileEncoding = 4; lastKnownFileType = sourcecode.swift; path = JSONReader.swift; sourceTree = "<group>"; };
		E17CD29D1AD3F45000C1716D /* swiftyJSON.swift */ = {isa = PBXFileReference; fileEncoding = 4; lastKnownFileType = sourcecode.swift; path = swiftyJSON.swift; sourceTree = "<group>"; };
		E17CD29E1AD3F45000C1716D /* Tools.swift */ = {isa = PBXFileReference; fileEncoding = 4; lastKnownFileType = sourcecode.swift; path = Tools.swift; sourceTree = "<group>"; };
		E17CD2AD1AD5384C00C1716D /* User.swift */ = {isa = PBXFileReference; fileEncoding = 4; lastKnownFileType = sourcecode.swift; path = User.swift; sourceTree = "<group>"; };
		E17CD2AF1AD53B5300C1716D /* JSONObject.swift */ = {isa = PBXFileReference; fileEncoding = 4; lastKnownFileType = sourcecode.swift; path = JSONObject.swift; sourceTree = "<group>"; };
		E17CD2B11AD53EC400C1716D /* libPods-DCKeyValueObjectMapping.a */ = {isa = PBXFileReference; lastKnownFileType = archive.ar; name = "libPods-DCKeyValueObjectMapping.a"; path = "Pods/../build/Debug-iphoneos/libPods-DCKeyValueObjectMapping.a"; sourceTree = "<group>"; };
		E17CD2B31AD53F0000C1716D /* bridge.h */ = {isa = PBXFileReference; lastKnownFileType = sourcecode.c.h; path = bridge.h; sourceTree = "<group>"; };
		E46467471AD96F9E005CD18B /* LoginViewController.swift */ = {isa = PBXFileReference; fileEncoding = 4; lastKnownFileType = sourcecode.swift; path = LoginViewController.swift; sourceTree = "<group>"; };
		E46467491AD9798A005CD18B /* Session.swift */ = {isa = PBXFileReference; fileEncoding = 4; lastKnownFileType = sourcecode.swift; path = Session.swift; sourceTree = "<group>"; };
		E464674B1AD9B927005CD18B /* AppTools.swift */ = {isa = PBXFileReference; fileEncoding = 4; lastKnownFileType = sourcecode.swift; path = AppTools.swift; sourceTree = "<group>"; };
		E46467521AD9D7AB005CD18B /* Response.swift */ = {isa = PBXFileReference; fileEncoding = 4; lastKnownFileType = sourcecode.swift; path = Response.swift; sourceTree = "<group>"; };
		E4BFF0561AD9F8B000CAEF93 /* Main.storyboard */ = {isa = PBXFileReference; fileEncoding = 4; lastKnownFileType = file.storyboard; path = Main.storyboard; sourceTree = "<group>"; };
		E4BFF0581AD9FA4700CAEF93 /* UIStoryboardExtension.swift */ = {isa = PBXFileReference; fileEncoding = 4; lastKnownFileType = sourcecode.swift; path = UIStoryboardExtension.swift; sourceTree = "<group>"; };
		E4BFF05A1AD9FD4600CAEF93 /* StringExtension.swift */ = {isa = PBXFileReference; fileEncoding = 4; lastKnownFileType = sourcecode.swift; path = StringExtension.swift; sourceTree = "<group>"; };
		E4BFF05E1ADA937100CAEF93 /* FriendInvitesViewController.swift */ = {isa = PBXFileReference; fileEncoding = 4; lastKnownFileType = sourcecode.swift; path = FriendInvitesViewController.swift; sourceTree = "<group>"; };
		E4BFF0601ADAB48900CAEF93 /* Relation.swift */ = {isa = PBXFileReference; fileEncoding = 4; lastKnownFileType = sourcecode.swift; path = Relation.swift; sourceTree = "<group>"; };
		E4BFF0641ADAD6A900CAEF93 /* MenuViewController.swift */ = {isa = PBXFileReference; fileEncoding = 4; lastKnownFileType = sourcecode.swift; path = MenuViewController.swift; sourceTree = "<group>"; };
		E4BFF0661ADAD6B900CAEF93 /* Login.storyboard */ = {isa = PBXFileReference; fileEncoding = 4; lastKnownFileType = file.storyboard; path = Login.storyboard; sourceTree = "<group>"; };
		E4BFF0681ADAF7D500CAEF93 /* RelationStatus.swift */ = {isa = PBXFileReference; fileEncoding = 4; lastKnownFileType = sourcecode.swift; path = RelationStatus.swift; sourceTree = "<group>"; };
		EFA16FCB756FCD13F4D94A65 /* Pods.release.xcconfig */ = {isa = PBXFileReference; includeInIndex = 1; lastKnownFileType = text.xcconfig; name = Pods.release.xcconfig; path = "Pods/Target Support Files/Pods/Pods.release.xcconfig"; sourceTree = "<group>"; };
/* End PBXFileReference section */

/* Begin PBXFrameworksBuildPhase section */
		E17CD26B1AD3E06200C1716D /* Frameworks */ = {
			isa = PBXFrameworksBuildPhase;
			buildActionMask = 2147483647;
			files = (
				737CA235B89BDA33F1660400 /* libPods.a in Frameworks */,
			);
			runOnlyForDeploymentPostprocessing = 0;
		};
		E17CD2801AD3E06200C1716D /* Frameworks */ = {
			isa = PBXFrameworksBuildPhase;
			buildActionMask = 2147483647;
			files = (
			);
			runOnlyForDeploymentPostprocessing = 0;
		};
/* End PBXFrameworksBuildPhase section */

/* Begin PBXGroup section */
		025C016D447929C73BE0F913 /* Frameworks */ = {
			isa = PBXGroup;
			children = (
				E17CD2B11AD53EC400C1716D /* libPods-DCKeyValueObjectMapping.a */,
				BF7E7035D53D11D4DB724424 /* libPods.a */,
			);
			name = Frameworks;
			sourceTree = "<group>";
		};
		692BDA389AD82D84D0EC1C95 /* Pods */ = {
			isa = PBXGroup;
			children = (
				E03B6C7ED8A5E14D06CCC230 /* Pods.debug.xcconfig */,
				EFA16FCB756FCD13F4D94A65 /* Pods.release.xcconfig */,
			);
			name = Pods;
			sourceTree = "<group>";
		};
		E17CD2651AD3E06200C1716D = {
			isa = PBXGroup;
			children = (
				E17CD2701AD3E06200C1716D /* Accounts */,
				E17CD2861AD3E06200C1716D /* AccountsTests */,
				E17CD26F1AD3E06200C1716D /* Products */,
				692BDA389AD82D84D0EC1C95 /* Pods */,
				025C016D447929C73BE0F913 /* Frameworks */,
			);
			sourceTree = "<group>";
		};
		E17CD26F1AD3E06200C1716D /* Products */ = {
			isa = PBXGroup;
			children = (
				E17CD26E1AD3E06200C1716D /* Accounts.app */,
				E17CD2831AD3E06200C1716D /* AccountsTests.xctest */,
			);
			name = Products;
			sourceTree = "<group>";
		};
		E17CD2701AD3E06200C1716D /* Accounts */ = {
			isa = PBXGroup;
			children = (
				E4BFF0551AD9F89D00CAEF93 /* Storyboards */,
				E17CD2931AD3E35600C1716D /* Classes */,
				E17CD27A1AD3E06200C1716D /* Images.xcassets */,
				E17CD27C1AD3E06200C1716D /* LaunchScreen.xib */,
				E17CD2711AD3E06200C1716D /* Supporting Files */,
				E17CD2B31AD53F0000C1716D /* bridge.h */,
			);
			path = Accounts;
			sourceTree = "<group>";
		};
		E17CD2711AD3E06200C1716D /* Supporting Files */ = {
			isa = PBXGroup;
			children = (
				E17CD2721AD3E06200C1716D /* Info.plist */,
			);
			name = "Supporting Files";
			sourceTree = "<group>";
		};
		E17CD2861AD3E06200C1716D /* AccountsTests */ = {
			isa = PBXGroup;
			children = (
				E17CD2891AD3E06200C1716D /* AccountsTests.swift */,
				E17CD2871AD3E06200C1716D /* Supporting Files */,
			);
			path = AccountsTests;
			sourceTree = "<group>";
		};
		E17CD2871AD3E06200C1716D /* Supporting Files */ = {
			isa = PBXGroup;
			children = (
				E17CD2881AD3E06200C1716D /* Info.plist */,
			);
			name = "Supporting Files";
			sourceTree = "<group>";
		};
		E17CD2931AD3E35600C1716D /* Classes */ = {
			isa = PBXGroup;
			children = (
				E4BFF0621ADAD68300CAEF93 /* Menu */,
				E4BFF05C1ADA934B00CAEF93 /* Invites */,
				E46467451AD96F18005CD18B /* Login */,
				E46467431AD96EEB005CD18B /* Friends */,
				E17CD29A1AD3F43A00C1716D /* External */,
				E17CD2941AD3E35C00C1716D /* Shared */,
			);
			name = Classes;
			sourceTree = "<group>";
		};
		E17CD2941AD3E35C00C1716D /* Shared */ = {
			isa = PBXGroup;
			children = (
				E464674F1AD9D680005CD18B /* Extensions */,
				E17CD2AC1AD5383500C1716D /* Models */,
				E17CD2971AD3E42A00C1716D /* Controllers */,
			);
			name = Shared;
			sourceTree = "<group>";
		};
		E17CD2971AD3E42A00C1716D /* Controllers */ = {
			isa = PBXGroup;
			children = (
				E17CD2731AD3E06200C1716D /* AppDelegate.swift */,
				E17CD2951AD3E36B00C1716D /* BaseViewController.swift */,
			);
			name = Controllers;
			sourceTree = "<group>";
		};
		E17CD29A1AD3F43A00C1716D /* External */ = {
			isa = PBXGroup;
			children = (
				E17CD29B1AD3F45000C1716D /* AutoLayoutHelper.swift */,
				E17CD29C1AD3F45000C1716D /* JSONReader.swift */,
				E17CD29D1AD3F45000C1716D /* swiftyJSON.swift */,
				E17CD29E1AD3F45000C1716D /* Tools.swift */,
			);
			name = External;
			sourceTree = "<group>";
		};
		E17CD2AC1AD5383500C1716D /* Models */ = {
			isa = PBXGroup;
			children = (
				E17CD2AD1AD5384C00C1716D /* User.swift */,
				E17CD2AF1AD53B5300C1716D /* JSONObject.swift */,
				E46467491AD9798A005CD18B /* Session.swift */,
				E464674B1AD9B927005CD18B /* AppTools.swift */,
				E46467521AD9D7AB005CD18B /* Response.swift */,
				E4BFF0601ADAB48900CAEF93 /* Relation.swift */,
				E4BFF0681ADAF7D500CAEF93 /* RelationStatus.swift */,
			);
			name = Models;
			sourceTree = "<group>";
		};
		E46467431AD96EEB005CD18B /* Friends */ = {
			isa = PBXGroup;
			children = (
				E46467441AD96EF5005CD18B /* View Controllers */,
			);
			name = Friends;
			sourceTree = "<group>";
		};
		E46467441AD96EF5005CD18B /* View Controllers */ = {
			isa = PBXGroup;
			children = (
				E17CD2751AD3E06200C1716D /* FriendsViewController.swift */,
			);
			name = "View Controllers";
			sourceTree = "<group>";
		};
		E46467451AD96F18005CD18B /* Login */ = {
			isa = PBXGroup;
			children = (
				E46467461AD96F3B005CD18B /* View Controllers */,
			);
			name = Login;
			sourceTree = "<group>";
		};
		E46467461AD96F3B005CD18B /* View Controllers */ = {
			isa = PBXGroup;
			children = (
				E46467471AD96F9E005CD18B /* LoginViewController.swift */,
			);
			name = "View Controllers";
			sourceTree = "<group>";
		};
		E464674F1AD9D680005CD18B /* Extensions */ = {
			isa = PBXGroup;
			children = (
				E4BFF0581AD9FA4700CAEF93 /* UIStoryboardExtension.swift */,
				E4BFF05A1AD9FD4600CAEF93 /* StringExtension.swift */,
			);
			name = Extensions;
			sourceTree = "<group>";
		};
		E4BFF0551AD9F89D00CAEF93 /* Storyboards */ = {
			isa = PBXGroup;
			children = (
				E4BFF0561AD9F8B000CAEF93 /* Main.storyboard */,
				E4BFF0661ADAD6B900CAEF93 /* Login.storyboard */,
			);
			name = Storyboards;
			sourceTree = "<group>";
		};
		E4BFF05C1ADA934B00CAEF93 /* Invites */ = {
			isa = PBXGroup;
			children = (
				E4BFF05D1ADA935100CAEF93 /* View Controllers */,
			);
			name = Invites;
			sourceTree = "<group>";
		};
		E4BFF05D1ADA935100CAEF93 /* View Controllers */ = {
			isa = PBXGroup;
			children = (
				E4BFF05E1ADA937100CAEF93 /* FriendInvitesViewController.swift */,
			);
			name = "View Controllers";
			sourceTree = "<group>";
		};
		E4BFF0621ADAD68300CAEF93 /* Menu */ = {
			isa = PBXGroup;
			children = (
				E4BFF0631ADAD68800CAEF93 /* View Controllers */,
			);
			name = Menu;
			sourceTree = "<group>";
		};
		E4BFF0631ADAD68800CAEF93 /* View Controllers */ = {
			isa = PBXGroup;
			children = (
				E4BFF0641ADAD6A900CAEF93 /* MenuViewController.swift */,
			);
			name = "View Controllers";
			sourceTree = "<group>";
		};
/* End PBXGroup section */

/* Begin PBXNativeTarget section */
		E17CD26D1AD3E06200C1716D /* Accounts */ = {
			isa = PBXNativeTarget;
			buildConfigurationList = E17CD28D1AD3E06200C1716D /* Build configuration list for PBXNativeTarget "Accounts" */;
			buildPhases = (
				CBF5C8A43C2DA97A882687DA /* Check Pods Manifest.lock */,
				E17CD26A1AD3E06200C1716D /* Sources */,
				E17CD26B1AD3E06200C1716D /* Frameworks */,
				E17CD26C1AD3E06200C1716D /* Resources */,
				53D8A5ED40B66E12AD365DBE /* Copy Pods Resources */,
			);
			buildRules = (
			);
			dependencies = (
			);
			name = Accounts;
			productName = Accounts;
			productReference = E17CD26E1AD3E06200C1716D /* Accounts.app */;
			productType = "com.apple.product-type.application";
		};
		E17CD2821AD3E06200C1716D /* AccountsTests */ = {
			isa = PBXNativeTarget;
			buildConfigurationList = E17CD2901AD3E06200C1716D /* Build configuration list for PBXNativeTarget "AccountsTests" */;
			buildPhases = (
				E17CD27F1AD3E06200C1716D /* Sources */,
				E17CD2801AD3E06200C1716D /* Frameworks */,
				E17CD2811AD3E06200C1716D /* Resources */,
			);
			buildRules = (
			);
			dependencies = (
				E17CD2851AD3E06200C1716D /* PBXTargetDependency */,
			);
			name = AccountsTests;
			productName = AccountsTests;
			productReference = E17CD2831AD3E06200C1716D /* AccountsTests.xctest */;
			productType = "com.apple.product-type.bundle.unit-test";
		};
/* End PBXNativeTarget section */

/* Begin PBXProject section */
		E17CD2661AD3E06200C1716D /* Project object */ = {
			isa = PBXProject;
			attributes = {
				LastUpgradeCheck = 0620;
				ORGANIZATIONNAME = Ustwo;
				TargetAttributes = {
					E17CD26D1AD3E06200C1716D = {
						CreatedOnToolsVersion = 6.2;
					};
					E17CD2821AD3E06200C1716D = {
						CreatedOnToolsVersion = 6.2;
						TestTargetID = E17CD26D1AD3E06200C1716D;
					};
				};
			};
			buildConfigurationList = E17CD2691AD3E06200C1716D /* Build configuration list for PBXProject "Accounts" */;
			compatibilityVersion = "Xcode 3.2";
			developmentRegion = English;
			hasScannedForEncodings = 0;
			knownRegions = (
				en,
				Base,
			);
			mainGroup = E17CD2651AD3E06200C1716D;
			productRefGroup = E17CD26F1AD3E06200C1716D /* Products */;
			projectDirPath = "";
			projectRoot = "";
			targets = (
				E17CD26D1AD3E06200C1716D /* Accounts */,
				E17CD2821AD3E06200C1716D /* AccountsTests */,
			);
		};
/* End PBXProject section */

/* Begin PBXResourcesBuildPhase section */
		E17CD26C1AD3E06200C1716D /* Resources */ = {
			isa = PBXResourcesBuildPhase;
			buildActionMask = 2147483647;
			files = (
				E4BFF0671ADAD6B900CAEF93 /* Login.storyboard in Resources */,
				E4BFF0571AD9F8B000CAEF93 /* Main.storyboard in Resources */,
				E17CD27E1AD3E06200C1716D /* LaunchScreen.xib in Resources */,
				E17CD27B1AD3E06200C1716D /* Images.xcassets in Resources */,
			);
			runOnlyForDeploymentPostprocessing = 0;
		};
		E17CD2811AD3E06200C1716D /* Resources */ = {
			isa = PBXResourcesBuildPhase;
			buildActionMask = 2147483647;
			files = (
			);
			runOnlyForDeploymentPostprocessing = 0;
		};
/* End PBXResourcesBuildPhase section */

/* Begin PBXShellScriptBuildPhase section */
		53D8A5ED40B66E12AD365DBE /* Copy Pods Resources */ = {
			isa = PBXShellScriptBuildPhase;
			buildActionMask = 2147483647;
			files = (
			);
			inputPaths = (
			);
			name = "Copy Pods Resources";
			outputPaths = (
			);
			runOnlyForDeploymentPostprocessing = 0;
			shellPath = /bin/sh;
			shellScript = "\"${SRCROOT}/Pods/Target Support Files/Pods/Pods-resources.sh\"\n";
			showEnvVarsInLog = 0;
		};
		CBF5C8A43C2DA97A882687DA /* Check Pods Manifest.lock */ = {
			isa = PBXShellScriptBuildPhase;
			buildActionMask = 2147483647;
			files = (
			);
			inputPaths = (
			);
			name = "Check Pods Manifest.lock";
			outputPaths = (
			);
			runOnlyForDeploymentPostprocessing = 0;
			shellPath = /bin/sh;
			shellScript = "diff \"${PODS_ROOT}/../Podfile.lock\" \"${PODS_ROOT}/Manifest.lock\" > /dev/null\nif [[ $? != 0 ]] ; then\n    cat << EOM\nerror: The sandbox is not in sync with the Podfile.lock. Run 'pod install' or update your CocoaPods installation.\nEOM\n    exit 1\nfi\n";
			showEnvVarsInLog = 0;
		};
/* End PBXShellScriptBuildPhase section */

/* Begin PBXSourcesBuildPhase section */
		E17CD26A1AD3E06200C1716D /* Sources */ = {
			isa = PBXSourcesBuildPhase;
			buildActionMask = 2147483647;
			files = (
				E17CD29F1AD3F45000C1716D /* AutoLayoutHelper.swift in Sources */,
				E17CD2A11AD3F45000C1716D /* swiftyJSON.swift in Sources */,
				E4BFF0691ADAF7D500CAEF93 /* RelationStatus.swift in Sources */,
				E4BFF05B1AD9FD4600CAEF93 /* StringExtension.swift in Sources */,
				E17CD2A01AD3F45000C1716D /* JSONReader.swift in Sources */,
				E4BFF0611ADAB48900CAEF93 /* Relation.swift in Sources */,
				E17CD2761AD3E06200C1716D /* FriendsViewController.swift in Sources */,
				E17CD2AE1AD5384C00C1716D /* User.swift in Sources */,
				E17CD2A21AD3F45000C1716D /* Tools.swift in Sources */,
				E4BFF0591AD9FA4700CAEF93 /* UIStoryboardExtension.swift in Sources */,
				E46467531AD9D7AB005CD18B /* Response.swift in Sources */,
				E17CD2741AD3E06200C1716D /* AppDelegate.swift in Sources */,
				E464674C1AD9B927005CD18B /* AppTools.swift in Sources */,
				E464674A1AD9798A005CD18B /* Session.swift in Sources */,
				E4BFF0651ADAD6A900CAEF93 /* MenuViewController.swift in Sources */,
				E17CD2B01AD53B5300C1716D /* JSONObject.swift in Sources */,
				E46467481AD96F9E005CD18B /* LoginViewController.swift in Sources */,
				E17CD2961AD3E36B00C1716D /* BaseViewController.swift in Sources */,
				E4BFF05F1ADA937100CAEF93 /* FriendInvitesViewController.swift in Sources */,
			);
			runOnlyForDeploymentPostprocessing = 0;
		};
		E17CD27F1AD3E06200C1716D /* Sources */ = {
			isa = PBXSourcesBuildPhase;
			buildActionMask = 2147483647;
			files = (
				E17CD28A1AD3E06200C1716D /* AccountsTests.swift in Sources */,
			);
			runOnlyForDeploymentPostprocessing = 0;
		};
/* End PBXSourcesBuildPhase section */

/* Begin PBXTargetDependency section */
		E17CD2851AD3E06200C1716D /* PBXTargetDependency */ = {
			isa = PBXTargetDependency;
			target = E17CD26D1AD3E06200C1716D /* Accounts */;
			targetProxy = E17CD2841AD3E06200C1716D /* PBXContainerItemProxy */;
		};
/* End PBXTargetDependency section */

/* Begin PBXVariantGroup section */
		E17CD27C1AD3E06200C1716D /* LaunchScreen.xib */ = {
			isa = PBXVariantGroup;
			children = (
				E17CD27D1AD3E06200C1716D /* Base */,
			);
			name = LaunchScreen.xib;
			sourceTree = "<group>";
		};
/* End PBXVariantGroup section */

/* Begin XCBuildConfiguration section */
		E17CD28B1AD3E06200C1716D /* Debug */ = {
			isa = XCBuildConfiguration;
			buildSettings = {
				ALWAYS_SEARCH_USER_PATHS = NO;
				CLANG_CXX_LANGUAGE_STANDARD = "gnu++0x";
				CLANG_CXX_LIBRARY = "libc++";
				CLANG_ENABLE_MODULES = YES;
				CLANG_ENABLE_OBJC_ARC = YES;
				CLANG_WARN_BOOL_CONVERSION = YES;
				CLANG_WARN_CONSTANT_CONVERSION = YES;
				CLANG_WARN_DIRECT_OBJC_ISA_USAGE = YES_ERROR;
				CLANG_WARN_EMPTY_BODY = YES;
				CLANG_WARN_ENUM_CONVERSION = YES;
				CLANG_WARN_INT_CONVERSION = YES;
				CLANG_WARN_OBJC_ROOT_CLASS = YES_ERROR;
				CLANG_WARN_UNREACHABLE_CODE = YES;
				CLANG_WARN__DUPLICATE_METHOD_MATCH = YES;
				"CODE_SIGN_IDENTITY[sdk=iphoneos*]" = "iPhone Developer";
				COPY_PHASE_STRIP = NO;
				ENABLE_STRICT_OBJC_MSGSEND = YES;
				GCC_C_LANGUAGE_STANDARD = gnu99;
				GCC_DYNAMIC_NO_PIC = NO;
				GCC_OPTIMIZATION_LEVEL = 0;
				GCC_PREPROCESSOR_DEFINITIONS = (
					"DEBUG=1",
					"$(inherited)",
				);
				GCC_SYMBOLS_PRIVATE_EXTERN = NO;
				GCC_WARN_64_TO_32_BIT_CONVERSION = YES;
				GCC_WARN_ABOUT_RETURN_TYPE = YES_ERROR;
				GCC_WARN_UNDECLARED_SELECTOR = YES;
				GCC_WARN_UNINITIALIZED_AUTOS = YES_AGGRESSIVE;
				GCC_WARN_UNUSED_FUNCTION = YES;
				GCC_WARN_UNUSED_VARIABLE = YES;
				IPHONEOS_DEPLOYMENT_TARGET = 8.2;
				MTL_ENABLE_DEBUG_INFO = YES;
				ONLY_ACTIVE_ARCH = YES;
				SDKROOT = iphoneos;
				SWIFT_OPTIMIZATION_LEVEL = "-Onone";
				TARGETED_DEVICE_FAMILY = "1,2";
			};
			name = Debug;
		};
		E17CD28C1AD3E06200C1716D /* Release */ = {
			isa = XCBuildConfiguration;
			buildSettings = {
				ALWAYS_SEARCH_USER_PATHS = NO;
				CLANG_CXX_LANGUAGE_STANDARD = "gnu++0x";
				CLANG_CXX_LIBRARY = "libc++";
				CLANG_ENABLE_MODULES = YES;
				CLANG_ENABLE_OBJC_ARC = YES;
				CLANG_WARN_BOOL_CONVERSION = YES;
				CLANG_WARN_CONSTANT_CONVERSION = YES;
				CLANG_WARN_DIRECT_OBJC_ISA_USAGE = YES_ERROR;
				CLANG_WARN_EMPTY_BODY = YES;
				CLANG_WARN_ENUM_CONVERSION = YES;
				CLANG_WARN_INT_CONVERSION = YES;
				CLANG_WARN_OBJC_ROOT_CLASS = YES_ERROR;
				CLANG_WARN_UNREACHABLE_CODE = YES;
				CLANG_WARN__DUPLICATE_METHOD_MATCH = YES;
				"CODE_SIGN_IDENTITY[sdk=iphoneos*]" = "iPhone Developer";
				COPY_PHASE_STRIP = NO;
				ENABLE_NS_ASSERTIONS = NO;
				ENABLE_STRICT_OBJC_MSGSEND = YES;
				GCC_C_LANGUAGE_STANDARD = gnu99;
				GCC_WARN_64_TO_32_BIT_CONVERSION = YES;
				GCC_WARN_ABOUT_RETURN_TYPE = YES_ERROR;
				GCC_WARN_UNDECLARED_SELECTOR = YES;
				GCC_WARN_UNINITIALIZED_AUTOS = YES_AGGRESSIVE;
				GCC_WARN_UNUSED_FUNCTION = YES;
				GCC_WARN_UNUSED_VARIABLE = YES;
				IPHONEOS_DEPLOYMENT_TARGET = 8.2;
				MTL_ENABLE_DEBUG_INFO = NO;
				SDKROOT = iphoneos;
				TARGETED_DEVICE_FAMILY = "1,2";
				VALIDATE_PRODUCT = YES;
			};
			name = Release;
		};
		E17CD28E1AD3E06200C1716D /* Debug */ = {
			isa = XCBuildConfiguration;
			baseConfigurationReference = E03B6C7ED8A5E14D06CCC230 /* Pods.debug.xcconfig */;
			buildSettings = {
				ASSETCATALOG_COMPILER_APPICON_NAME = AppIcon;
				INFOPLIST_FILE = Accounts/Info.plist;
				LD_RUNPATH_SEARCH_PATHS = "$(inherited) @executable_path/Frameworks";
				LIBRARY_SEARCH_PATHS = (
					"$(inherited)",
					"$(PROJECT_DIR)/build/Debug-iphoneos",
				);
				PRODUCT_NAME = "$(TARGET_NAME)";
				SWIFT_OBJC_BRIDGING_HEADER = Accounts/bridge.h;
			};
			name = Debug;
		};
		E17CD28F1AD3E06200C1716D /* Release */ = {
			isa = XCBuildConfiguration;
			baseConfigurationReference = EFA16FCB756FCD13F4D94A65 /* Pods.release.xcconfig */;
			buildSettings = {
				ASSETCATALOG_COMPILER_APPICON_NAME = AppIcon;
				INFOPLIST_FILE = Accounts/Info.plist;
				LD_RUNPATH_SEARCH_PATHS = "$(inherited) @executable_path/Frameworks";
				LIBRARY_SEARCH_PATHS = (
					"$(inherited)",
					"$(PROJECT_DIR)/build/Debug-iphoneos",
				);
				PRODUCT_NAME = "$(TARGET_NAME)";
				SWIFT_OBJC_BRIDGING_HEADER = Accounts/bridge.h;
			};
			name = Release;
		};
		E17CD2911AD3E06200C1716D /* Debug */ = {
			isa = XCBuildConfiguration;
			buildSettings = {
				BUNDLE_LOADER = "$(TEST_HOST)";
				FRAMEWORK_SEARCH_PATHS = (
					"$(SDKROOT)/Developer/Library/Frameworks",
					"$(inherited)",
				);
				GCC_PREPROCESSOR_DEFINITIONS = (
					"DEBUG=1",
					"$(inherited)",
				);
				INFOPLIST_FILE = AccountsTests/Info.plist;
				LD_RUNPATH_SEARCH_PATHS = "$(inherited) @executable_path/Frameworks @loader_path/Frameworks";
				PRODUCT_NAME = "$(TARGET_NAME)";
				TEST_HOST = "$(BUILT_PRODUCTS_DIR)/Accounts.app/Accounts";
			};
			name = Debug;
		};
		E17CD2921AD3E06200C1716D /* Release */ = {
			isa = XCBuildConfiguration;
			buildSettings = {
				BUNDLE_LOADER = "$(TEST_HOST)";
				FRAMEWORK_SEARCH_PATHS = (
					"$(SDKROOT)/Developer/Library/Frameworks",
					"$(inherited)",
				);
				INFOPLIST_FILE = AccountsTests/Info.plist;
				LD_RUNPATH_SEARCH_PATHS = "$(inherited) @executable_path/Frameworks @loader_path/Frameworks";
				PRODUCT_NAME = "$(TARGET_NAME)";
				TEST_HOST = "$(BUILT_PRODUCTS_DIR)/Accounts.app/Accounts";
			};
			name = Release;
		};
/* End XCBuildConfiguration section */

/* Begin XCConfigurationList section */
		E17CD2691AD3E06200C1716D /* Build configuration list for PBXProject "Accounts" */ = {
			isa = XCConfigurationList;
			buildConfigurations = (
				E17CD28B1AD3E06200C1716D /* Debug */,
				E17CD28C1AD3E06200C1716D /* Release */,
			);
			defaultConfigurationIsVisible = 0;
			defaultConfigurationName = Release;
		};
		E17CD28D1AD3E06200C1716D /* Build configuration list for PBXNativeTarget "Accounts" */ = {
			isa = XCConfigurationList;
			buildConfigurations = (
				E17CD28E1AD3E06200C1716D /* Debug */,
				E17CD28F1AD3E06200C1716D /* Release */,
			);
			defaultConfigurationIsVisible = 0;
			defaultConfigurationName = Release;
		};
		E17CD2901AD3E06200C1716D /* Build configuration list for PBXNativeTarget "AccountsTests" */ = {
			isa = XCConfigurationList;
			buildConfigurations = (
				E17CD2911AD3E06200C1716D /* Debug */,
				E17CD2921AD3E06200C1716D /* Release */,
			);
			defaultConfigurationIsVisible = 0;
			defaultConfigurationName = Release;
		};
/* End XCConfigurationList section */
	};
	rootObject = E17CD2661AD3E06200C1716D /* Project object */;
}
